
Microsoft Visual Studio Solution File, Format Version 12.00
# Visual Studio Version 17
VisualStudioVersion = 17.6.33801.468
MinimumVisualStudioVersion = 10.0.40219.1
Project("{FAE04EC0-301F-11D3-BF4B-00C04F79EFBC}") = "EmployeeWageProblem", "EmployeeWageProblem.csproj", "{772580F1-B3FA-4908-9C95-2B6BA4CAE793}"
EndProject
Global
	GlobalSection(SolutionConfigurationPlatforms) = preSolution
		Debug|Any CPU = Debug|Any CPU
		Release|Any CPU = Release|Any CPU
	EndGlobalSection
	GlobalSection(ProjectConfigurationPlatforms) = postSolution
		{772580F1-B3FA-4908-9C95-2B6BA4CAE793}.Debug|Any CPU.ActiveCfg = Debug|Any CPU
		{772580F1-B3FA-4908-9C95-2B6BA4CAE793}.Debug|Any CPU.Build.0 = Debug|Any CPU
		{772580F1-B3FA-4908-9C95-2B6BA4CAE793}.Release|Any CPU.ActiveCfg = Release|Any CPU
		{772580F1-B3FA-4908-9C95-2B6BA4CAE793}.Release|Any CPU.Build.0 = Release|Any CPU
	EndGlobalSection
	GlobalSection(SolutionProperties) = preSolution
		HideSolutionNode = FALSE
	EndGlobalSection
	GlobalSection(ExtensibilityGlobals) = postSolution
		SolutionGuid = {E49C7F3C-6C39-48F5-A0F5-DECB61FF39DF}
	EndGlobalSection
EndGlobal
